
Microsoft Visual Studio Solution File, Format Version 12.00
# Visual Studio Version 17
VisualStudioVersion = 17.14.36414.22 d17.14
MinimumVisualStudioVersion = 10.0.40219.1
Project("{FAE04EC0-301F-11D3-BF4B-00C04F79EFBC}") = "1_lab", "1_lab.csproj", "{99AB01C1-C21D-4B65-92AD-1B001A4D1217}"
EndProject
Global
	GlobalSection(SolutionConfigurationPlatforms) = preSolution
		Debug|Any CPU = Debug|Any CPU
		Release|Any CPU = Release|Any CPU
	EndGlobalSection
	GlobalSection(ProjectConfigurationPlatforms) = postSolution
		{99AB01C1-C21D-4B65-92AD-1B001A4D1217}.Debug|Any CPU.ActiveCfg = Debug|Any CPU
		{99AB01C1-C21D-4B65-92AD-1B001A4D1217}.Debug|Any CPU.Build.0 = Debug|Any CPU
		{99AB01C1-C21D-4B65-92AD-1B001A4D1217}.Release|Any CPU.ActiveCfg = Release|Any CPU
		{99AB01C1-C21D-4B65-92AD-1B001A4D1217}.Release|Any CPU.Build.0 = Release|Any CPU
	EndGlobalSection
	GlobalSection(SolutionProperties) = preSolution
		HideSolutionNode = FALSE
	EndGlobalSection
	GlobalSection(ExtensibilityGlobals) = postSolution
		SolutionGuid = {494F0265-B683-4186-8072-6733A734C4DB}
	EndGlobalSection
EndGlobal
